
Microsoft Visual Studio Solution File, Format Version 12.00
# Visual Studio Version 16
VisualStudioVersion = 16.0.30413.136
MinimumVisualStudioVersion = 10.0.40219.1
Project("{FAE04EC0-301F-11D3-BF4B-00C04F79EFBC}") = "MobiHier", "MobiHier\MobiHier.csproj", "{B9977FA1-9575-4B6A-9A27-8918B93866DA}"
EndProject
Global
	GlobalSection(SolutionConfigurationPlatforms) = preSolution
		Debug|Any CPU = Debug|Any CPU
		Release|Any CPU = Release|Any CPU
	EndGlobalSection
	GlobalSection(ProjectConfigurationPlatforms) = postSolution
		{B9977FA1-9575-4B6A-9A27-8918B93866DA}.Debug|Any CPU.ActiveCfg = Debug|Any CPU
		{B9977FA1-9575-4B6A-9A27-8918B93866DA}.Debug|Any CPU.Build.0 = Debug|Any CPU
		{B9977FA1-9575-4B6A-9A27-8918B93866DA}.Release|Any CPU.ActiveCfg = Release|Any CPU
		{B9977FA1-9575-4B6A-9A27-8918B93866DA}.Release|Any CPU.Build.0 = Release|Any CPU
	EndGlobalSection
	GlobalSection(SolutionProperties) = preSolution
		HideSolutionNode = FALSE
	EndGlobalSection
	GlobalSection(ExtensibilityGlobals) = postSolution
		SolutionGuid = {513E73F8-D5F8-4547-8633-C7EA87E5FCDD}
	EndGlobalSection
EndGlobal
